
Microsoft Visual Studio Solution File, Format Version 10.00
# Visual Studio 2008
Project("{8BC9CEB8-8B4A-11D0-8D11-00A0C91BC942}") = "apr", "..\apr\apr.vcproj", "{755B39BA-6547-41E7-9D2E-354FF5FDBA8C}"
EndProject
Project("{8BC9CEB8-8B4A-11D0-8D11-00A0C91BC942}") = "aprapp", "..\apr\build\aprapp.vcproj", "{30AF53E3-95AF-4DD6-A24C-7C51074CA106}"
	ProjectSection(ProjectDependencies) = postProject
		{2F3147FE-AA64-43FB-9756-4C28A1AFEDC6} = {2F3147FE-AA64-43FB-9756-4C28A1AFEDC6}
	EndProjectSection
EndProject
Project("{8BC9CEB8-8B4A-11D0-8D11-00A0C91BC942}") = "apr_dbd_freetds", "dbd\apr_dbd_freetds.vcproj", "{3B0F4E54-094A-4B51-8A30-4660C61DB451}"
	ProjectSection(ProjectDependencies) = postProject
		{9A260216-3094-4A99-8AC5-C06DDCBF717D} = {9A260216-3094-4A99-8AC5-C06DDCBF717D}
		{50142518-B486-407B-8F9B-BFDFD19004E9} = {50142518-B486-407B-8F9B-BFDFD19004E9}
	EndProjectSection
EndProject
Project("{8BC9CEB8-8B4A-11D0-8D11-00A0C91BC942}") = "apr_dbd_mysql", "dbd\apr_dbd_mysql.vcproj", "{0F32903A-39A9-4AA7-B0DF-9537470C3E60}"
	ProjectSection(ProjectDependencies) = postProject
		{9A260216-3094-4A99-8AC5-C06DDCBF717D} = {9A260216-3094-4A99-8AC5-C06DDCBF717D}
		{50142518-B486-407B-8F9B-BFDFD19004E9} = {50142518-B486-407B-8F9B-BFDFD19004E9}
	EndProjectSection
EndProject
Project("{8BC9CEB8-8B4A-11D0-8D11-00A0C91BC942}") = "apr_dbd_odbc", "dbd\apr_dbd_odbc.vcproj", "{929F34C0-0AB0-4DD7-A83A-8A144DAF6383}"
	ProjectSection(ProjectDependencies) = postProject
		{9A260216-3094-4A99-8AC5-C06DDCBF717D} = {9A260216-3094-4A99-8AC5-C06DDCBF717D}
		{50142518-B486-407B-8F9B-BFDFD19004E9} = {50142518-B486-407B-8F9B-BFDFD19004E9}
	EndProjectSection
EndProject
Project("{8BC9CEB8-8B4A-11D0-8D11-00A0C91BC942}") = "apr_dbd_oracle", "dbd\apr_dbd_oracle.vcproj", "{F09272C5-950A-42D6-A81D-E897F3F4454D}"
	ProjectSection(ProjectDependencies) = postProject
		{9A260216-3094-4A99-8AC5-C06DDCBF717D} = {9A260216-3094-4A99-8AC5-C06DDCBF717D}
		{50142518-B486-407B-8F9B-BFDFD19004E9} = {50142518-B486-407B-8F9B-BFDFD19004E9}
	EndProjectSection
EndProject
Project("{8BC9CEB8-8B4A-11D0-8D11-00A0C91BC942}") = "apr_dbd_pgsql", "dbd\apr_dbd_pgsql.vcproj", "{53DBE15C-758C-4D70-9174-85FF820D309B}"
	ProjectSection(ProjectDependencies) = postProject
		{9A260216-3094-4A99-8AC5-C06DDCBF717D} = {9A260216-3094-4A99-8AC5-C06DDCBF717D}
		{50142518-B486-407B-8F9B-BFDFD19004E9} = {50142518-B486-407B-8F9B-BFDFD19004E9}
	EndProjectSection
EndProject
Project("{8BC9CEB8-8B4A-11D0-8D11-00A0C91BC942}") = "apr_dbd_sqlite2", "dbd\apr_dbd_sqlite2.vcproj", "{19F9F93E-1B34-4DDC-A784-D7A5C981645A}"
	ProjectSection(ProjectDependencies) = postProject
		{9A260216-3094-4A99-8AC5-C06DDCBF717D} = {9A260216-3094-4A99-8AC5-C06DDCBF717D}
		{50142518-B486-407B-8F9B-BFDFD19004E9} = {50142518-B486-407B-8F9B-BFDFD19004E9}
	EndProjectSection
EndProject
Project("{8BC9CEB8-8B4A-11D0-8D11-00A0C91BC942}") = "apr_dbd_sqlite3", "dbd\apr_dbd_sqlite3.vcproj", "{378954B3-0A36-4313-8F68-BA8B6F78EA76}"
	ProjectSection(ProjectDependencies) = postProject
		{9A260216-3094-4A99-8AC5-C06DDCBF717D} = {9A260216-3094-4A99-8AC5-C06DDCBF717D}
		{50142518-B486-407B-8F9B-BFDFD19004E9} = {50142518-B486-407B-8F9B-BFDFD19004E9}
	EndProjectSection
EndProject
Project("{8BC9CEB8-8B4A-11D0-8D11-00A0C91BC942}") = "apr_dbm_db", "dbm\apr_dbm_db.vcproj", "{6805A7C5-5367-4018-A676-06F6B788A353}"
	ProjectSection(ProjectDependencies) = postProject
		{9A260216-3094-4A99-8AC5-C06DDCBF717D} = {9A260216-3094-4A99-8AC5-C06DDCBF717D}
		{50142518-B486-407B-8F9B-BFDFD19004E9} = {50142518-B486-407B-8F9B-BFDFD19004E9}
	EndProjectSection
EndProject
Project("{8BC9CEB8-8B4A-11D0-8D11-00A0C91BC942}") = "apr_dbm_gdbm", "dbm\apr_dbm_gdbm.vcproj", "{F8A0CBD1-B5C2-4C6D-B3E8-725BDEAFECD6}"
	ProjectSection(ProjectDependencies) = postProject
		{9A260216-3094-4A99-8AC5-C06DDCBF717D} = {9A260216-3094-4A99-8AC5-C06DDCBF717D}
		{50142518-B486-407B-8F9B-BFDFD19004E9} = {50142518-B486-407B-8F9B-BFDFD19004E9}
	EndProjectSection
EndProject
Project("{8BC9CEB8-8B4A-11D0-8D11-00A0C91BC942}") = "apr_ldap", "ldap\apr_ldap.vcproj", "{18552644-F80E-480E-ACA9-052FF3E9BE0A}"
	ProjectSection(ProjectDependencies) = postProject
		{9A260216-3094-4A99-8AC5-C06DDCBF717D} = {9A260216-3094-4A99-8AC5-C06DDCBF717D}
		{50142518-B486-407B-8F9B-BFDFD19004E9} = {50142518-B486-407B-8F9B-BFDFD19004E9}
	EndProjectSection
EndProject
Project("{8BC9CEB8-8B4A-11D0-8D11-00A0C91BC942}") = "aprutil", "aprutil.vcproj", "{A3408E28-93C3-4BC0-99C4-31B9064EBAC9}"
	ProjectSection(ProjectDependencies) = postProject
		{7923E292-F693-462D-B282-1867F4306639} = {7923E292-F693-462D-B282-1867F4306639}
	EndProjectSection
EndProject
Project("{8BC9CEB8-8B4A-11D0-8D11-00A0C91BC942}") = "libapr", "..\apr\libapr.vcproj", "{9A260216-3094-4A99-8AC5-C06DDCBF717D}"
EndProject
Project("{8BC9CEB8-8B4A-11D0-8D11-00A0C91BC942}") = "libaprapp", "..\apr\build\libaprapp.vcproj", "{B7E7B54A-ECC5-455A-B7FA-BE6BF7D26801}"
	ProjectSection(ProjectDependencies) = postProject
		{8684A88F-D78A-4A33-A92D-15DEDF5630D3} = {8684A88F-D78A-4A33-A92D-15DEDF5630D3}
	EndProjectSection
EndProject
Project("{8BC9CEB8-8B4A-11D0-8D11-00A0C91BC942}") = "libaprutil", "libaprutil.vcproj", "{50142518-B486-407B-8F9B-BFDFD19004E9}"
	ProjectSection(ProjectDependencies) = postProject
		{9A260216-3094-4A99-8AC5-C06DDCBF717D} = {9A260216-3094-4A99-8AC5-C06DDCBF717D}
		{7923E292-F693-462D-B282-1867F4306639} = {7923E292-F693-462D-B282-1867F4306639}
	EndProjectSection
EndProject
Project("{8BC9CEB8-8B4A-11D0-8D11-00A0C91BC942}") = "preaprapp", "..\..\apr\build\preaprapp.vcproj", "{2F3147FE-AA64-43FB-9756-4C28A1AFEDC6}"
	ProjectSection(ProjectDependencies) = postProject
		{755B39BA-6547-41E7-9D2E-354FF5FDBA8C} = {755B39BA-6547-41E7-9D2E-354FF5FDBA8C}
	EndProjectSection
EndProject
Project("{8BC9CEB8-8B4A-11D0-8D11-00A0C91BC942}") = "prelibaprapp", "..\..\apr\build\prelibaprapp.vcproj", "{8684A88F-D78A-4A33-A92D-15DEDF5630D3}"
	ProjectSection(ProjectDependencies) = postProject
		{9A260216-3094-4A99-8AC5-C06DDCBF717D} = {9A260216-3094-4A99-8AC5-C06DDCBF717D}
	EndProjectSection
EndProject
Project("{8BC9CEB8-8B4A-11D0-8D11-00A0C91BC942}") = "xml", "xml\expat\lib\xml.vcproj", "{7923E292-F693-462D-B282-1867F4306639}"
EndProject
Global
	GlobalSection(SolutionConfigurationPlatforms) = preSolution
		Debug|Win32 = Debug|Win32
		Release|Win32 = Release|Win32
	EndGlobalSection
	GlobalSection(ProjectConfigurationPlatforms) = postSolution
		{755B39BA-6547-41E7-9D2E-354FF5FDBA8C}.Debug|Win32.ActiveCfg = Debug|Win32
		{755B39BA-6547-41E7-9D2E-354FF5FDBA8C}.Release|Win32.ActiveCfg = Release|Win32
		{30AF53E3-95AF-4DD6-A24C-7C51074CA106}.Debug|Win32.ActiveCfg = Debug|Win32
		{30AF53E3-95AF-4DD6-A24C-7C51074CA106}.Release|Win32.ActiveCfg = Release|Win32
		{3B0F4E54-094A-4B51-8A30-4660C61DB451}.Debug|Win32.ActiveCfg = Debug|Win32
		{3B0F4E54-094A-4B51-8A30-4660C61DB451}.Debug|Win32.Build.0 = Debug|Win32
		{3B0F4E54-094A-4B51-8A30-4660C61DB451}.Release|Win32.ActiveCfg = Release|Win32
		{3B0F4E54-094A-4B51-8A30-4660C61DB451}.Release|Win32.Build.0 = Release|Win32
		{0F32903A-39A9-4AA7-B0DF-9537470C3E60}.Debug|Win32.ActiveCfg = Debug|Win32
		{0F32903A-39A9-4AA7-B0DF-9537470C3E60}.Debug|Win32.Build.0 = Debug|Win32
		{0F32903A-39A9-4AA7-B0DF-9537470C3E60}.Release|Win32.ActiveCfg = Release|Win32
		{0F32903A-39A9-4AA7-B0DF-9537470C3E60}.Release|Win32.Build.0 = Release|Win32
		{929F34C0-0AB0-4DD7-A83A-8A144DAF6383}.Debug|Win32.ActiveCfg = Debug|Win32
		{929F34C0-0AB0-4DD7-A83A-8A144DAF6383}.Debug|Win32.Build.0 = Debug|Win32
		{929F34C0-0AB0-4DD7-A83A-8A144DAF6383}.Release|Win32.ActiveCfg = Release|Win32
		{929F34C0-0AB0-4DD7-A83A-8A144DAF6383}.Release|Win32.Build.0 = Release|Win32
		{F09272C5-950A-42D6-A81D-E897F3F4454D}.Debug|Win32.ActiveCfg = Debug|Win32
		{F09272C5-950A-42D6-A81D-E897F3F4454D}.Debug|Win32.Build.0 = Debug|Win32
		{F09272C5-950A-42D6-A81D-E897F3F4454D}.Release|Win32.ActiveCfg = Release|Win32
		{F09272C5-950A-42D6-A81D-E897F3F4454D}.Release|Win32.Build.0 = Release|Win32
		{53DBE15C-758C-4D70-9174-85FF820D309B}.Debug|Win32.ActiveCfg = Debug|Win32
		{53DBE15C-758C-4D70-9174-85FF820D309B}.Debug|Win32.Build.0 = Debug|Win32
		{53DBE15C-758C-4D70-9174-85FF820D309B}.Release|Win32.ActiveCfg = Release|Win32
		{53DBE15C-758C-4D70-9174-85FF820D309B}.Release|Win32.Build.0 = Release|Win32
		{19F9F93E-1B34-4DDC-A784-D7A5C981645A}.Debug|Win32.ActiveCfg = Debug|Win32
		{19F9F93E-1B34-4DDC-A784-D7A5C981645A}.Debug|Win32.Build.0 = Debug|Win32
		{19F9F93E-1B34-4DDC-A784-D7A5C981645A}.Release|Win32.ActiveCfg = Release|Win32
		{19F9F93E-1B34-4DDC-A784-D7A5C981645A}.Release|Win32.Build.0 = Release|Win32
		{378954B3-0A36-4313-8F68-BA8B6F78EA76}.Debug|Win32.ActiveCfg = Debug|Win32
		{378954B3-0A36-4313-8F68-BA8B6F78EA76}.Debug|Win32.Build.0 = Debug|Win32
		{378954B3-0A36-4313-8F68-BA8B6F78EA76}.Release|Win32.ActiveCfg = Release|Win32
		{378954B3-0A36-4313-8F68-BA8B6F78EA76}.Release|Win32.Build.0 = Release|Win32
		{6805A7C5-5367-4018-A676-06F6B788A353}.Debug|Win32.ActiveCfg = Debug|Win32
		{6805A7C5-5367-4018-A676-06F6B788A353}.Debug|Win32.Build.0 = Debug|Win32
		{6805A7C5-5367-4018-A676-06F6B788A353}.Release|Win32.ActiveCfg = Release|Win32
		{6805A7C5-5367-4018-A676-06F6B788A353}.Release|Win32.Build.0 = Release|Win32
		{F8A0CBD1-B5C2-4C6D-B3E8-725BDEAFECD6}.Debug|Win32.ActiveCfg = Debug|Win32
		{F8A0CBD1-B5C2-4C6D-B3E8-725BDEAFECD6}.Debug|Win32.Build.0 = Debug|Win32
		{F8A0CBD1-B5C2-4C6D-B3E8-725BDEAFECD6}.Release|Win32.ActiveCfg = Release|Win32
		{F8A0CBD1-B5C2-4C6D-B3E8-725BDEAFECD6}.Release|Win32.Build.0 = Release|Win32
		{18552644-F80E-480E-ACA9-052FF3E9BE0A}.Debug|Win32.ActiveCfg = Debug|Win32
		{18552644-F80E-480E-ACA9-052FF3E9BE0A}.Debug|Win32.Build.0 = Debug|Win32
		{18552644-F80E-480E-ACA9-052FF3E9BE0A}.Release|Win32.ActiveCfg = Release|Win32
		{18552644-F80E-480E-ACA9-052FF3E9BE0A}.Release|Win32.Build.0 = Release|Win32
		{A3408E28-93C3-4BC0-99C4-31B9064EBAC9}.Debug|Win32.ActiveCfg = Debug|Win32
		{A3408E28-93C3-4BC0-99C4-31B9064EBAC9}.Debug|Win32.Build.0 = Debug|Win32
		{A3408E28-93C3-4BC0-99C4-31B9064EBAC9}.Release|Win32.ActiveCfg = Release|Win32
		{A3408E28-93C3-4BC0-99C4-31B9064EBAC9}.Release|Win32.Build.0 = Release|Win32
		{9A260216-3094-4A99-8AC5-C06DDCBF717D}.Debug|Win32.ActiveCfg = Debug|Win32
		{9A260216-3094-4A99-8AC5-C06DDCBF717D}.Release|Win32.ActiveCfg = Release|Win32
		{B7E7B54A-ECC5-455A-B7FA-BE6BF7D26801}.Debug|Win32.ActiveCfg = Debug|Win32
		{B7E7B54A-ECC5-455A-B7FA-BE6BF7D26801}.Release|Win32.ActiveCfg = Release|Win32
		{50142518-B486-407B-8F9B-BFDFD19004E9}.Debug|Win32.ActiveCfg = Debug|Win32
		{50142518-B486-407B-8F9B-BFDFD19004E9}.Debug|Win32.Build.0 = Debug|Win32
		{50142518-B486-407B-8F9B-BFDFD19004E9}.Release|Win32.ActiveCfg = Release|Win32
		{50142518-B486-407B-8F9B-BFDFD19004E9}.Release|Win32.Build.0 = Release|Win32
		{2F3147FE-AA64-43FB-9756-4C28A1AFEDC6}.Debug|Win32.ActiveCfg = Debug|Win32
		{2F3147FE-AA64-43FB-9756-4C28A1AFEDC6}.Release|Win32.ActiveCfg = Release|Win32
		{8684A88F-D78A-4A33-A92D-15DEDF5630D3}.Debug|Win32.ActiveCfg = Debug|Win32
		{8684A88F-D78A-4A33-A92D-15DEDF5630D3}.Release|Win32.ActiveCfg = Release|Win32
		{7923E292-F693-462D-B282-1867F4306639}.Debug|Win32.ActiveCfg = Debug|Win32
		{7923E292-F693-462D-B282-1867F4306639}.Debug|Win32.Build.0 = Debug|Win32
		{7923E292-F693-462D-B282-1867F4306639}.Release|Win32.ActiveCfg = Release|Win32
		{7923E292-F693-462D-B282-1867F4306639}.Release|Win32.Build.0 = Release|Win32
	EndGlobalSection
	GlobalSection(SolutionProperties) = preSolution
		HideSolutionNode = FALSE
	EndGlobalSection
EndGlobal
