
Microsoft Visual Studio Solution File, Format Version 10.00
# Visual Studio 2008
Project("{8BC9CEB8-8B4A-11D0-8D11-00A0C91BC942}") = "libapr", "apr\libapr_muthur.vcproj", "{9A260216-3094-4A99-8AC5-C06DDCBF717D}"
EndProject
Project("{8BC9CEB8-8B4A-11D0-8D11-00A0C91BC942}") = "libapriconv", "apr-iconv\libapriconv_muthur.vcproj", "{E8A21C55-E95B-4B96-81AA-9597DE7077C4}"
	ProjectSection(ProjectDependencies) = postProject
		{9A260216-3094-4A99-8AC5-C06DDCBF717D} = {9A260216-3094-4A99-8AC5-C06DDCBF717D}
	EndProjectSection
EndProject
Project("{8BC9CEB8-8B4A-11D0-8D11-00A0C91BC942}") = "libaprutil", "apr-util\libaprutil_muthur.vcproj", "{50142518-B486-407B-8F9B-BFDFD19004E9}"
	ProjectSection(ProjectDependencies) = postProject
		{9A260216-3094-4A99-8AC5-C06DDCBF717D} = {9A260216-3094-4A99-8AC5-C06DDCBF717D}
		{E8A21C55-E95B-4B96-81AA-9597DE7077C4} = {E8A21C55-E95B-4B96-81AA-9597DE7077C4}
	EndProjectSection
EndProject
Project("{8BC9CEB8-8B4A-11D0-8D11-00A0C91BC942}") = "activemq-cpp", "activemq-cpp-3.2.5\vs2008-build\activemq-cpp_muthur.vcproj", "{60E51A46-2E46-47A4-9BD8-C9D6A7EFCD26}"
	ProjectSection(ProjectDependencies) = postProject
		{9A260216-3094-4A99-8AC5-C06DDCBF717D} = {9A260216-3094-4A99-8AC5-C06DDCBF717D}
		{50142518-B486-407B-8F9B-BFDFD19004E9} = {50142518-B486-407B-8F9B-BFDFD19004E9}
		{E8A21C55-E95B-4B96-81AA-9597DE7077C4} = {E8A21C55-E95B-4B96-81AA-9597DE7077C4}
	EndProjectSection
EndProject
Project("{8BC9CEB8-8B4A-11D0-8D11-00A0C91BC942}") = "activemq-cpp-example", "activemq-cpp-3.2.5\vs2008-build\activemq-cpp-example_muthur.vcproj", "{23EFE0EC-D277-4AC0-9DDC-0E0C588B54B8}"
	ProjectSection(ProjectDependencies) = postProject
		{9A260216-3094-4A99-8AC5-C06DDCBF717D} = {9A260216-3094-4A99-8AC5-C06DDCBF717D}
		{50142518-B486-407B-8F9B-BFDFD19004E9} = {50142518-B486-407B-8F9B-BFDFD19004E9}
		{60E51A46-2E46-47A4-9BD8-C9D6A7EFCD26} = {60E51A46-2E46-47A4-9BD8-C9D6A7EFCD26}
		{E8A21C55-E95B-4B96-81AA-9597DE7077C4} = {E8A21C55-E95B-4B96-81AA-9597DE7077C4}
	EndProjectSection
EndProject
Global
	GlobalSection(SolutionConfigurationPlatforms) = preSolution
		Debug|Win32 = Debug|Win32
		DebugDLL|Win32 = DebugDLL|Win32
		Release|Win32 = Release|Win32
		ReleaseDLL|Win32 = ReleaseDLL|Win32
	EndGlobalSection
	GlobalSection(ProjectConfigurationPlatforms) = postSolution
		{9A260216-3094-4A99-8AC5-C06DDCBF717D}.Debug|Win32.ActiveCfg = Debug|Win32
		{9A260216-3094-4A99-8AC5-C06DDCBF717D}.Debug|Win32.Build.0 = Debug|Win32
		{9A260216-3094-4A99-8AC5-C06DDCBF717D}.DebugDLL|Win32.ActiveCfg = Debug|Win32
		{9A260216-3094-4A99-8AC5-C06DDCBF717D}.DebugDLL|Win32.Build.0 = Debug|Win32
		{9A260216-3094-4A99-8AC5-C06DDCBF717D}.Release|Win32.ActiveCfg = Release|Win32
		{9A260216-3094-4A99-8AC5-C06DDCBF717D}.Release|Win32.Build.0 = Release|Win32
		{9A260216-3094-4A99-8AC5-C06DDCBF717D}.ReleaseDLL|Win32.ActiveCfg = Release|Win32
		{9A260216-3094-4A99-8AC5-C06DDCBF717D}.ReleaseDLL|Win32.Build.0 = Release|Win32
		{E8A21C55-E95B-4B96-81AA-9597DE7077C4}.Debug|Win32.ActiveCfg = Debug|Win32
		{E8A21C55-E95B-4B96-81AA-9597DE7077C4}.Debug|Win32.Build.0 = Debug|Win32
		{E8A21C55-E95B-4B96-81AA-9597DE7077C4}.DebugDLL|Win32.ActiveCfg = Debug|Win32
		{E8A21C55-E95B-4B96-81AA-9597DE7077C4}.DebugDLL|Win32.Build.0 = Debug|Win32
		{E8A21C55-E95B-4B96-81AA-9597DE7077C4}.Release|Win32.ActiveCfg = Release|Win32
		{E8A21C55-E95B-4B96-81AA-9597DE7077C4}.Release|Win32.Build.0 = Release|Win32
		{E8A21C55-E95B-4B96-81AA-9597DE7077C4}.ReleaseDLL|Win32.ActiveCfg = Release|Win32
		{E8A21C55-E95B-4B96-81AA-9597DE7077C4}.ReleaseDLL|Win32.Build.0 = Release|Win32
		{50142518-B486-407B-8F9B-BFDFD19004E9}.Debug|Win32.ActiveCfg = Debug|Win32
		{50142518-B486-407B-8F9B-BFDFD19004E9}.Debug|Win32.Build.0 = Debug|Win32
		{50142518-B486-407B-8F9B-BFDFD19004E9}.DebugDLL|Win32.ActiveCfg = Debug|Win32
		{50142518-B486-407B-8F9B-BFDFD19004E9}.DebugDLL|Win32.Build.0 = Debug|Win32
		{50142518-B486-407B-8F9B-BFDFD19004E9}.Release|Win32.ActiveCfg = Release|Win32
		{50142518-B486-407B-8F9B-BFDFD19004E9}.Release|Win32.Build.0 = Release|Win32
		{50142518-B486-407B-8F9B-BFDFD19004E9}.ReleaseDLL|Win32.ActiveCfg = Release|Win32
		{50142518-B486-407B-8F9B-BFDFD19004E9}.ReleaseDLL|Win32.Build.0 = Release|Win32
		{60E51A46-2E46-47A4-9BD8-C9D6A7EFCD26}.Debug|Win32.ActiveCfg = DebugDLL|Win32
		{60E51A46-2E46-47A4-9BD8-C9D6A7EFCD26}.Debug|Win32.Build.0 = DebugDLL|Win32
		{60E51A46-2E46-47A4-9BD8-C9D6A7EFCD26}.DebugDLL|Win32.ActiveCfg = DebugDLL|Win32
		{60E51A46-2E46-47A4-9BD8-C9D6A7EFCD26}.DebugDLL|Win32.Build.0 = DebugDLL|Win32
		{60E51A46-2E46-47A4-9BD8-C9D6A7EFCD26}.Release|Win32.ActiveCfg = ReleaseDLL|Win32
		{60E51A46-2E46-47A4-9BD8-C9D6A7EFCD26}.Release|Win32.Build.0 = ReleaseDLL|Win32
		{60E51A46-2E46-47A4-9BD8-C9D6A7EFCD26}.ReleaseDLL|Win32.ActiveCfg = ReleaseDLL|Win32
		{60E51A46-2E46-47A4-9BD8-C9D6A7EFCD26}.ReleaseDLL|Win32.Build.0 = ReleaseDLL|Win32
		{23EFE0EC-D277-4AC0-9DDC-0E0C588B54B8}.Debug|Win32.ActiveCfg = Debug|Win32
		{23EFE0EC-D277-4AC0-9DDC-0E0C588B54B8}.Debug|Win32.Build.0 = Debug|Win32
		{23EFE0EC-D277-4AC0-9DDC-0E0C588B54B8}.DebugDLL|Win32.ActiveCfg = Debug|Win32
		{23EFE0EC-D277-4AC0-9DDC-0E0C588B54B8}.DebugDLL|Win32.Build.0 = Debug|Win32
		{23EFE0EC-D277-4AC0-9DDC-0E0C588B54B8}.Release|Win32.ActiveCfg = Release|Win32
		{23EFE0EC-D277-4AC0-9DDC-0E0C588B54B8}.Release|Win32.Build.0 = Release|Win32
		{23EFE0EC-D277-4AC0-9DDC-0E0C588B54B8}.ReleaseDLL|Win32.ActiveCfg = Release|Win32
		{23EFE0EC-D277-4AC0-9DDC-0E0C588B54B8}.ReleaseDLL|Win32.Build.0 = Release|Win32
	EndGlobalSection
	GlobalSection(SolutionProperties) = preSolution
		HideSolutionNode = FALSE
	EndGlobalSection
EndGlobal
